
Microsoft Visual Studio Solution File, Format Version 12.00
# Visual Studio Version 16
VisualStudioVersion = 16.0.31624.102
MinimumVisualStudioVersion = 10.0.40219.1
Project("{FAE04EC0-301F-11D3-BF4B-00C04F79EFBC}") = "MSTestOverview", "MSTestOverview\MSTestOverview.csproj", "{211801BD-6DFD-4F33-8041-994860C108EF}"
EndProject
Global
	GlobalSection(SolutionConfigurationPlatforms) = preSolution
		Debug|Any CPU = Debug|Any CPU
		Release|Any CPU = Release|Any CPU
	EndGlobalSection
	GlobalSection(ProjectConfigurationPlatforms) = postSolution
		{211801BD-6DFD-4F33-8041-994860C108EF}.Debug|Any CPU.ActiveCfg = Debug|Any CPU
		{211801BD-6DFD-4F33-8041-994860C108EF}.Debug|Any CPU.Build.0 = Debug|Any CPU
		{211801BD-6DFD-4F33-8041-994860C108EF}.Release|Any CPU.ActiveCfg = Release|Any CPU
		{211801BD-6DFD-4F33-8041-994860C108EF}.Release|Any CPU.Build.0 = Release|Any CPU
	EndGlobalSection
	GlobalSection(SolutionProperties) = preSolution
		HideSolutionNode = FALSE
	EndGlobalSection
	GlobalSection(ExtensibilityGlobals) = postSolution
		SolutionGuid = {CC6AE210-0E96-44A8-A120-F5B0AFD935BA}
	EndGlobalSection
EndGlobal
